
Microsoft Visual Studio Solution File, Format Version 12.00
# Visual Studio Version 18
VisualStudioVersion = 18.7.11811.120
MinimumVisualStudioVersion = 10.0.40219.1
Project("{2150E333-8FDC-42A3-9474-1A3956D46DE8}") = "src", "src", "{02EA681E-C7D8-13C7-8484-4AC65E1B71E8}"
EndProject
Project("{FAE04EC0-301F-11D3-BF4B-00C04F79EFBC}") = "Core.Observability", "src\Core.Observability\Core.Observability.csproj", "{733186E1-3FFF-753B-5BC8-313CA916646D}"
EndProject
Project("{2150E333-8FDC-42A3-9474-1A3956D46DE8}") = "samples", "samples", "{9938565C-D966-4DB9-8D3B-6D92CACE56DF}"
EndProject
Project("{FAE04EC0-301F-11D3-BF4B-00C04F79EFBC}") = "CoreSystem.Samples.Api", "samples\CoreSystem.Samples.Api\CoreSystem.Samples.Api.csproj", "{4E85C4A5-C126-A849-A39B-96D82B5ACFA5}"
EndProject
Project("{FAE04EC0-301F-11D3-BF4B-00C04F79EFBC}") = "Core.Idempotency", "src\Core.Idempotency\Core.Idempotency.csproj", "{EC908145-4354-4D09-AB2E-99BCBE7E6315}"
EndProject
Project("{2150E333-8FDC-42A3-9474-1A3956D46DE8}") = "tests", "tests", "{CC99C87C-68B7-48BD-9904-804D628BC54B}"
EndProject
Project("{2150E333-8FDC-42A3-9474-1A3956D46DE8}") = "docs", "docs", "{CC99C87C-68B7-48BD-9903-804D628BC53A}"
	ProjectSection(SolutionItems) = preProject
		docs\GettingStarted.md = docs\GettingStarted.md
		docs\idempotency-flow.mmd = docs\idempotency-flow.mmd
		docs\idempotency-flow.png = docs\idempotency-flow.png
		docs\index.md = docs\index.md
		docs\observability-flow.mmd = docs\observability-flow.mmd
		docs\observability-flow.png = docs\observability-flow.png
	EndProjectSection
EndProject
Project("{2150E333-8FDC-42A3-9474-1A3956D46DE8}") = ".github", ".github", "{EF9A3793-6BA8-44B0-8ED8-182BD6D4E34A}"
EndProject
Project("{2150E333-8FDC-42A3-9474-1A3956D46DE8}") = "workflows", "workflows", "{41535C27-8E2F-4AA0-8F66-C658319FCF79}"
	ProjectSection(SolutionItems) = preProject
		.github\workflows\documentation.yml = .github\workflows\documentation.yml
		.github\workflows\publish.yml = .github\workflows\publish.yml
	EndProjectSection
EndProject
Project("{FAE04EC0-301F-11D3-BF4B-00C04F79EFBC}") = "Core.Cache", "src\Core.Cache\Core.Cache.csproj", "{05DC2865-9DAD-4837-A61D-0254EA44AC20}"
EndProject
Project("{FAE04EC0-301F-11D3-BF4B-00C04F79EFBC}") = "Core.Observability.Abstractions", "src\Core.Observability.Abstractions\Core.Observability.Abstractions.csproj", "{D5D8670A-7C9E-4893-8B3E-23782A01D780}"
EndProject
Project("{FAE04EC0-301F-11D3-BF4B-00C04F79EFBC}") = "CoreSystem.Samples.Core", "samples\CoreSystem.Samples.Core\CoreSystem.Samples.Core.csproj", "{25A1B931-D216-44FC-958B-D8797AD39E08}"
EndProject
Project("{2150E333-8FDC-42A3-9474-1A3956D46DE8}") = "Cache", "Cache", "{EF9B0CA0-5268-4D9A-A85C-7966829B1033}"
	ProjectSection(SolutionItems) = preProject
		docs\Cache\Architecture.md = docs\Cache\Architecture.md
		docs\Cache\BasicUsage.md = docs\Cache\BasicUsage.md
		docs\Cache\Configuration.md = docs\Cache\Configuration.md
		docs\Cache\Extensibility.md = docs\Cache\Extensibility.md
		docs\Cache\GettingStarted.md = docs\Cache\GettingStarted.md
		docs\Cache\HealthChecks.md = docs\Cache\HealthChecks.md
		docs\Cache\index.md = docs\Cache\index.md
		docs\Cache\Observability.md = docs\Cache\Observability.md
		docs\Cache\Roadmap.md = docs\Cache\Roadmap.md
		docs\Cache\Why.md = docs\Cache\Why.md
	EndProjectSection
EndProject
Project("{2150E333-8FDC-42A3-9474-1A3956D46DE8}") = "images", "images", "{82C00201-5B4D-466F-AF60-CB4729ED69D9}"
	ProjectSection(SolutionItems) = preProject
		docs\Cache\images\Architecture.mmd = docs\Cache\images\Architecture.mmd
		docs\Cache\images\Architecture.svg = docs\Cache\images\Architecture.svg
		docs\Cache\images\GetOrAddAsync Cache-Aside Pattern.mmd = docs\Cache\images\GetOrAddAsync Cache-Aside Pattern.mmd
		docs\Cache\images\GetOrAddAsync Cache-Aside Pattern.svg = docs\Cache\images\GetOrAddAsync Cache-Aside Pattern.svg
		docs\Cache\images\HTTP Cache Middleware Lifecycle.mmd = docs\Cache\images\HTTP Cache Middleware Lifecycle.mmd
		docs\Cache\images\HTTP Cache Middleware Lifecycle.svg = docs\Cache\images\HTTP Cache Middleware Lifecycle.svg
		docs\Cache\images\Resilience Flow.mmd = docs\Cache\images\Resilience Flow.mmd
		docs\Cache\images\Resilience Flow.svg = docs\Cache\images\Resilience Flow.svg
	EndProjectSection
EndProject
Project("{2150E333-8FDC-42A3-9474-1A3956D46DE8}") = "scripts", "scripts", "{DBC21C0A-969B-4484-B169-AB48D4E4DEC9}"
	ProjectSection(SolutionItems) = preProject
		scripts\build-readme.ps1 = scripts\build-readme.ps1
	EndProjectSection
EndProject
Project("{FAE04EC0-301F-11D3-BF4B-00C04F79EFBC}") = "Core.Cache.UnitTests", "tests\Core.Cache.UnitTests\Core.Cache.UnitTests.csproj", "{F234E5B5-A761-4AE4-1E28-5ACED02935D3}"
EndProject
Project("{FAE04EC0-301F-11D3-BF4B-00C04F79EFBC}") = "Core.Cache.IntegrationTests", "tests\Core.Cache.IntegrationTests\Core.Cache.IntegrationTests.csproj", "{79BCCBF1-6E43-A1E2-1EC9-D67E34B0CD71}"
EndProject
Project("{FAE04EC0-301F-11D3-BF4B-00C04F79EFBC}") = "Core.Redis", "src\Core.Redis\Core.Redis.csproj", "{D9056F24-ED62-46AD-8290-B14BC5789BBC}"
EndProject
Project("{FAE04EC0-301F-11D3-BF4B-00C04F79EFBC}") = "Core.Memory", "src\Core.Memory\Core.Memory.csproj", "{67AD506D-B6F3-4F89-8F58-5F257586BB44}"
EndProject
Project("{FAE04EC0-301F-11D3-BF4B-00C04F79EFBC}") = "Core.Serialization", "src\Core.Serialization\Core.Serialization.csproj", "{08296D33-B048-43B9-B579-519B8F01905D}"
EndProject
Project("{FAE04EC0-301F-11D3-BF4B-00C04F79EFBC}") = "Core.Redis.UnitTests", "tests\Core.Redis.UnitTests\Core.Redis.UnitTests.csproj", "{D2C6E5CE-2E28-401D-AB9D-42F23A2F7856}"
EndProject
Project("{FAE04EC0-301F-11D3-BF4B-00C04F79EFBC}") = "Core.Serialization.UnitTests", "tests\Core.Serialization.UnitTests\Core.Serialization.UnitTests.csproj", "{B37CAA7B-EAC5-4035-8BAD-B413236154D3}"
EndProject
Project("{FAE04EC0-301F-11D3-BF4B-00C04F79EFBC}") = "Core.Memory.UnitTests", "tests\Core.Memory.UnitTests\Core.Memory.UnitTests.csproj", "{3B1D35E6-0C02-4A33-8DE9-BEDD2A49C6AD}"
EndProject
Project("{FAE04EC0-301F-11D3-BF4B-00C04F79EFBC}") = "Core.Resilience", "src\Core.Resilience\Core.Resilience.csproj", "{E8ACF67B-4636-44E5-A83F-2F04F5FBB42F}"
EndProject
Project("{2150E333-8FDC-42A3-9474-1A3956D46DE8}") = "Resilience", "Resilience", "{1A0ED75C-5E25-4205-A0A6-F55BBB1B129B}"
	ProjectSection(SolutionItems) = preProject
		docs\Resilience\Architecture.md = docs\Resilience\Architecture.md
		docs\Resilience\CircuitBreaker.md = docs\Resilience\CircuitBreaker.md
		docs\Resilience\Configuration.md = docs\Resilience\Configuration.md
		docs\Resilience\Extensibility.md = docs\Resilience\Extensibility.md
		docs\Resilience\GettingStarted.md = docs\Resilience\GettingStarted.md
		docs\Resilience\index.md = docs\Resilience\index.md
		docs\Resilience\Observability.md = docs\Resilience\Observability.md
		docs\Resilience\Retry.md = docs\Resilience\Retry.md
		docs\Resilience\Roadmap.md = docs\Resilience\Roadmap.md
		docs\Resilience\Timeout.md = docs\Resilience\Timeout.md
		docs\Resilience\Why.md = docs\Resilience\Why.md
	EndProjectSection
EndProject
Project("{FAE04EC0-301F-11D3-BF4B-00C04F79EFBC}") = "Core.Resilience.UnitTests", "tests\Core.Resilience.UnitTests\Core.Resilience.UnitTests.csproj", "{00D19029-AEB1-47BC-A1DE-0DD185578A38}"
EndProject
Project("{FAE04EC0-301F-11D3-BF4B-00C04F79EFBC}") = "Core.Http", "src\Core.Http\Core.Http.csproj", "{92AC1E64-DFD1-4D1F-B420-83331DD9BC71}"
EndProject
Project("{FAE04EC0-301F-11D3-BF4B-00C04F79EFBC}") = "Core.Http.UnitTests", "tests\Core.Http.UnitTests\Core.Http.UnitTests.csproj", "{F26BDA0B-0679-4EE1-8015-0683DAFCDF25}"
EndProject
Project("{2150E333-8FDC-42A3-9474-1A3956D46DE8}") = "assets", "assets", "{ADD117B0-3FA6-4A01-A1AD-D972B60D3978}"
EndProject
Project("{2150E333-8FDC-42A3-9474-1A3956D46DE8}") = "images", "images", "{A1AAA596-34A2-4EB2-89E3-7969F5266E7F}"
EndProject
Project("{2150E333-8FDC-42A3-9474-1A3956D46DE8}") = "diagrams", "diagrams", "{2D5DC536-3BF0-4636-8856-2A25B06E421B}"
EndProject
Project("{2150E333-8FDC-42A3-9474-1A3956D46DE8}") = "Guides", "Guides", "{C41DB119-8A36-4E58-A566-4F24B948AAD9}"
	ProjectSection(SolutionItems) = preProject
		Architecture.md = Architecture.md
		BestPractices.md = BestPractices.md
		DependencyInjection.md = DependencyInjection.md
		index.md = index.md
		OpenTelemetry.md = OpenTelemetry.md
		Performance.md = Performance.md
	EndProjectSection
EndProject
Project("{2150E333-8FDC-42A3-9474-1A3956D46DE8}") = "Elementos de la solución", "Elementos de la solución", "{F5B84E9E-1C6F-45C9-8148-FE5AD45148B4}"
	ProjectSection(SolutionItems) = preProject
		mkdocs.yml = mkdocs.yml
		requirements.txt = requirements.txt
	EndProjectSection
EndProject
Project("{FAE04EC0-301F-11D3-BF4B-00C04F79EFBC}") = "Core.Idempotency.UnitTests", "tests\Core.Idempotency.UnitTests\Core.Idempotency.UnitTests.csproj", "{7A20533B-9815-433E-8CBB-2513601FD241}"
EndProject
Project("{FAE04EC0-301F-11D3-BF4B-00C04F79EFBC}") = "Core.Idempotency.PostgreSql.IntegrationTests", "tests\Core.Idempotency.PostgreSql.IntegrationTests\Core.Idempotency.PostgreSql.IntegrationTests.csproj", "{61EFB95B-34AC-4A47-BCAE-F7023DF1C16E}"
EndProject
Project("{2150E333-8FDC-42A3-9474-1A3956D46DE8}") = "Idempotency", "Idempotency", "{F23B9C51-047F-4FA3-A1FB-ABC56E11E661}"
	ProjectSection(SolutionItems) = preProject
		docs\Idempotency\Architecture.md = docs\Idempotency\Architecture.md
		docs\Idempotency\Configuration.md = docs\Idempotency\Configuration.md
		docs\Idempotency\Fingerprinting.md = docs\Idempotency\Fingerprinting.md
		docs\Idempotency\GettingStarted.md = docs\Idempotency\GettingStarted.md
		docs\Idempotency\idempotency-flow.mmd = docs\Idempotency\idempotency-flow.mmd
		docs\Idempotency\idempotency-flow.png = docs\Idempotency\idempotency-flow.png
		docs\Idempotency\index.md = docs\Idempotency\index.md
		docs\Idempotency\Observability.md = docs\Idempotency\Observability.md
		docs\Idempotency\RequestLifecycle.md = docs\Idempotency\RequestLifecycle.md
		docs\Idempotency\ResponseCaching.md = docs\Idempotency\ResponseCaching.md
		Roadmap.md = Roadmap.md
		docs\Idempotency\Roadmap.md = docs\Idempotency\Roadmap.md
		docs\Idempotency\Why.md = docs\Idempotency\Why.md
	EndProjectSection
EndProject
Project("{2150E333-8FDC-42A3-9474-1A3956D46DE8}") = "Providers", "Providers", "{BECA65DF-EC9E-4F58-89D4-B6DFF54ADB11}"
	ProjectSection(SolutionItems) = preProject
		docs\Idempotency\Providers\PostgreSQL.md = docs\Idempotency\Providers\PostgreSQL.md
		docs\Idempotency\Providers\Redis.md = docs\Idempotency\Providers\Redis.md
	EndProjectSection
EndProject
Project("{2150E333-8FDC-42A3-9474-1A3956D46DE8}") = "Errors", "Errors", "{2EAB20A6-DA00-40BD-B40D-5B1F38BB30AD}"
	ProjectSection(SolutionItems) = preProject
		docs\Idempotency\Errors\idempotency-fingerprint-mismatch.md = docs\Idempotency\Errors\idempotency-fingerprint-mismatch.md
	EndProjectSection
EndProject
Project("{2150E333-8FDC-42A3-9474-1A3956D46DE8}") = "images", "images", "{814BD65F-D5D4-4796-8EEB-83863F5F4CCD}"
	ProjectSection(SolutionItems) = preProject
		docs\Idempotency\images\idempotency-flow.mmd = docs\Idempotency\images\idempotency-flow.mmd
		docs\Idempotency\images\idempotency-flow.png = docs\Idempotency\images\idempotency-flow.png
	EndProjectSection
EndProject
Project("{2150E333-8FDC-42A3-9474-1A3956D46DE8}") = "Http", "Http", "{0021FB38-8236-472E-A6EF-D2DE8C7EC0E3}"
	ProjectSection(SolutionItems) = preProject
		docs\Http\Architecture.md = docs\Http\Architecture.md
		docs\Http\GettingStarted.md = docs\Http\GettingStarted.md
		docs\Http\index.md = docs\Http\index.md
		docs\Http\Why.md = docs\Http\Why.md
	EndProjectSection
EndProject
Project("{FAE04EC0-301F-11D3-BF4B-00C04F79EFBC}") = "CoreSystem.Samples.Infrastructure", "samples\CoreSystem.Samples.Infrastructure\CoreSystem.Samples.Infrastructure.csproj", "{A3F77A88-8151-4906-9C07-552B10E05E64}"
EndProject
Project("{FAE04EC0-301F-11D3-BF4B-00C04F79EFBC}") = "Core.Idempotency.Redis", "src\Core.Idempotency.Redis\Core.Idempotency.Redis.csproj", "{7750D396-4BFB-4C25-AAFA-7CA7259270E9}"
EndProject
Project("{FAE04EC0-301F-11D3-BF4B-00C04F79EFBC}") = "Core.Idempotency.PostgreSql", "src\Core.Idempotency.PostgreSql\Core.Idempotency.PostgreSql.csproj", "{BA10A186-A3AC-40A9-86FE-3B558595329C}"
EndProject
Project("{FAE04EC0-301F-11D3-BF4B-00C04F79EFBC}") = "Core.Idempotency.Redis.UnitTests", "tests\Core.Idempotency.Redis.UnitTests\Core.Idempotency.Redis.UnitTests.csproj", "{0E4BA6F8-D9CB-452C-9FBD-476FF897A142}"
EndProject
Project("{FAE04EC0-301F-11D3-BF4B-00C04F79EFBC}") = "Core.Idempotency.PostgreSql.UnitTests", "tests\Core.Idempotency.PostgreSql.UnitTests\Core.Idempotency.PostgreSql.UnitTests.csproj", "{7EC8EE75-E265-4864-A868-804897A88963}"
EndProject
Project("{2150E333-8FDC-42A3-9474-1A3956D46DE8}") = "Idempotency", "Idempotency", "{43880193-D268-40CB-B8F9-F93D8C634EF8}"
EndProject
Project("{FAE04EC0-301F-11D3-BF4B-00C04F79EFBC}") = "Core.Idempotency.Redis.IntegrationTests", "tests\Core.Idempotency.Redis.IntegrationTests\Core.Idempotency.Redis.IntegrationTests.csproj", "{A5CB3D6F-EC62-4E7F-BE38-5CBF4811E7D8}"
EndProject
Project("{2150E333-8FDC-42A3-9474-1A3956D46DE8}") = "Cache", "Cache", "{3841D26E-9ED6-43A6-9547-9E12A7E47762}"
EndProject
Project("{2150E333-8FDC-42A3-9474-1A3956D46DE8}") = "Http", "Http", "{8CB33D2D-1423-43C1-B3B4-F99193A2E9F2}"
EndProject
Project("{2150E333-8FDC-42A3-9474-1A3956D46DE8}") = "Redis", "Redis", "{DC734643-A5AF-4FFF-BFCA-88CC5A09E86B}"
EndProject
Project("{2150E333-8FDC-42A3-9474-1A3956D46DE8}") = "Memory", "Memory", "{8C6F6DCD-085E-421B-B86B-B2FE17C95AA5}"
EndProject
Project("{2150E333-8FDC-42A3-9474-1A3956D46DE8}") = "Resilience", "Resilience", "{5E20CCB9-89C8-4122-BD09-F339FB72E273}"
EndProject
Global
	GlobalSection(SolutionConfigurationPlatforms) = preSolution
		Debug|Any CPU = Debug|Any CPU
		Release|Any CPU = Release|Any CPU
	EndGlobalSection
	GlobalSection(ProjectConfigurationPlatforms) = postSolution
		{733186E1-3FFF-753B-5BC8-313CA916646D}.Debug|Any CPU.ActiveCfg = Debug|Any CPU
		{733186E1-3FFF-753B-5BC8-313CA916646D}.Debug|Any CPU.Build.0 = Debug|Any CPU
		{733186E1-3FFF-753B-5BC8-313CA916646D}.Release|Any CPU.ActiveCfg = Release|Any CPU
		{733186E1-3FFF-753B-5BC8-313CA916646D}.Release|Any CPU.Build.0 = Release|Any CPU
		{4E85C4A5-C126-A849-A39B-96D82B5ACFA5}.Debug|Any CPU.ActiveCfg = Debug|Any CPU
		{4E85C4A5-C126-A849-A39B-96D82B5ACFA5}.Debug|Any CPU.Build.0 = Debug|Any CPU
		{4E85C4A5-C126-A849-A39B-96D82B5ACFA5}.Release|Any CPU.ActiveCfg = Release|Any CPU
		{4E85C4A5-C126-A849-A39B-96D82B5ACFA5}.Release|Any CPU.Build.0 = Release|Any CPU
		{EC908145-4354-4D09-AB2E-99BCBE7E6315}.Debug|Any CPU.ActiveCfg = Debug|Any CPU
		{EC908145-4354-4D09-AB2E-99BCBE7E6315}.Debug|Any CPU.Build.0 = Debug|Any CPU
		{EC908145-4354-4D09-AB2E-99BCBE7E6315}.Release|Any CPU.ActiveCfg = Release|Any CPU
		{EC908145-4354-4D09-AB2E-99BCBE7E6315}.Release|Any CPU.Build.0 = Release|Any CPU
		{05DC2865-9DAD-4837-A61D-0254EA44AC20}.Debug|Any CPU.ActiveCfg = Debug|Any CPU
		{05DC2865-9DAD-4837-A61D-0254EA44AC20}.Debug|Any CPU.Build.0 = Debug|Any CPU
		{05DC2865-9DAD-4837-A61D-0254EA44AC20}.Release|Any CPU.ActiveCfg = Release|Any CPU
		{05DC2865-9DAD-4837-A61D-0254EA44AC20}.Release|Any CPU.Build.0 = Release|Any CPU
		{D5D8670A-7C9E-4893-8B3E-23782A01D780}.Debug|Any CPU.ActiveCfg = Debug|Any CPU
		{D5D8670A-7C9E-4893-8B3E-23782A01D780}.Debug|Any CPU.Build.0 = Debug|Any CPU
		{D5D8670A-7C9E-4893-8B3E-23782A01D780}.Release|Any CPU.ActiveCfg = Release|Any CPU
		{D5D8670A-7C9E-4893-8B3E-23782A01D780}.Release|Any CPU.Build.0 = Release|Any CPU
		{25A1B931-D216-44FC-958B-D8797AD39E08}.Debug|Any CPU.ActiveCfg = Debug|Any CPU
		{25A1B931-D216-44FC-958B-D8797AD39E08}.Debug|Any CPU.Build.0 = Debug|Any CPU
		{25A1B931-D216-44FC-958B-D8797AD39E08}.Release|Any CPU.ActiveCfg = Release|Any CPU
		{25A1B931-D216-44FC-958B-D8797AD39E08}.Release|Any CPU.Build.0 = Release|Any CPU
		{F234E5B5-A761-4AE4-1E28-5ACED02935D3}.Debug|Any CPU.ActiveCfg = Debug|Any CPU
		{F234E5B5-A761-4AE4-1E28-5ACED02935D3}.Debug|Any CPU.Build.0 = Debug|Any CPU
		{F234E5B5-A761-4AE4-1E28-5ACED02935D3}.Release|Any CPU.ActiveCfg = Release|Any CPU
		{F234E5B5-A761-4AE4-1E28-5ACED02935D3}.Release|Any CPU.Build.0 = Release|Any CPU
		{79BCCBF1-6E43-A1E2-1EC9-D67E34B0CD71}.Debug|Any CPU.ActiveCfg = Debug|Any CPU
		{79BCCBF1-6E43-A1E2-1EC9-D67E34B0CD71}.Debug|Any CPU.Build.0 = Debug|Any CPU
		{79BCCBF1-6E43-A1E2-1EC9-D67E34B0CD71}.Release|Any CPU.ActiveCfg = Release|Any CPU
		{79BCCBF1-6E43-A1E2-1EC9-D67E34B0CD71}.Release|Any CPU.Build.0 = Release|Any CPU
		{D9056F24-ED62-46AD-8290-B14BC5789BBC}.Debug|Any CPU.ActiveCfg = Debug|Any CPU
		{D9056F24-ED62-46AD-8290-B14BC5789BBC}.Debug|Any CPU.Build.0 = Debug|Any CPU
		{D9056F24-ED62-46AD-8290-B14BC5789BBC}.Release|Any CPU.ActiveCfg = Release|Any CPU
		{D9056F24-ED62-46AD-8290-B14BC5789BBC}.Release|Any CPU.Build.0 = Release|Any CPU
		{67AD506D-B6F3-4F89-8F58-5F257586BB44}.Debug|Any CPU.ActiveCfg = Debug|Any CPU
		{67AD506D-B6F3-4F89-8F58-5F257586BB44}.Debug|Any CPU.Build.0 = Debug|Any CPU
		{67AD506D-B6F3-4F89-8F58-5F257586BB44}.Release|Any CPU.ActiveCfg = Release|Any CPU
		{67AD506D-B6F3-4F89-8F58-5F257586BB44}.Release|Any CPU.Build.0 = Release|Any CPU
		{08296D33-B048-43B9-B579-519B8F01905D}.Debug|Any CPU.ActiveCfg = Debug|Any CPU
		{08296D33-B048-43B9-B579-519B8F01905D}.Debug|Any CPU.Build.0 = Debug|Any CPU
		{08296D33-B048-43B9-B579-519B8F01905D}.Release|Any CPU.ActiveCfg = Release|Any CPU
		{08296D33-B048-43B9-B579-519B8F01905D}.Release|Any CPU.Build.0 = Release|Any CPU
		{D2C6E5CE-2E28-401D-AB9D-42F23A2F7856}.Debug|Any CPU.ActiveCfg = Debug|Any CPU
		{D2C6E5CE-2E28-401D-AB9D-42F23A2F7856}.Debug|Any CPU.Build.0 = Debug|Any CPU
		{D2C6E5CE-2E28-401D-AB9D-42F23A2F7856}.Release|Any CPU.ActiveCfg = Release|Any CPU
		{D2C6E5CE-2E28-401D-AB9D-42F23A2F7856}.Release|Any CPU.Build.0 = Release|Any CPU
		{B37CAA7B-EAC5-4035-8BAD-B413236154D3}.Debug|Any CPU.ActiveCfg = Debug|Any CPU
		{B37CAA7B-EAC5-4035-8BAD-B413236154D3}.Debug|Any CPU.Build.0 = Debug|Any CPU
		{B37CAA7B-EAC5-4035-8BAD-B413236154D3}.Release|Any CPU.ActiveCfg = Release|Any CPU
		{B37CAA7B-EAC5-4035-8BAD-B413236154D3}.Release|Any CPU.Build.0 = Release|Any CPU
		{3B1D35E6-0C02-4A33-8DE9-BEDD2A49C6AD}.Debug|Any CPU.ActiveCfg = Debug|Any CPU
		{3B1D35E6-0C02-4A33-8DE9-BEDD2A49C6AD}.Debug|Any CPU.Build.0 = Debug|Any CPU
		{3B1D35E6-0C02-4A33-8DE9-BEDD2A49C6AD}.Release|Any CPU.ActiveCfg = Release|Any CPU
		{3B1D35E6-0C02-4A33-8DE9-BEDD2A49C6AD}.Release|Any CPU.Build.0 = Release|Any CPU
		{E8ACF67B-4636-44E5-A83F-2F04F5FBB42F}.Debug|Any CPU.ActiveCfg = Debug|Any CPU
		{E8ACF67B-4636-44E5-A83F-2F04F5FBB42F}.Debug|Any CPU.Build.0 = Debug|Any CPU
		{E8ACF67B-4636-44E5-A83F-2F04F5FBB42F}.Release|Any CPU.ActiveCfg = Release|Any CPU
		{E8ACF67B-4636-44E5-A83F-2F04F5FBB42F}.Release|Any CPU.Build.0 = Release|Any CPU
		{00D19029-AEB1-47BC-A1DE-0DD185578A38}.Debug|Any CPU.ActiveCfg = Debug|Any CPU
		{00D19029-AEB1-47BC-A1DE-0DD185578A38}.Debug|Any CPU.Build.0 = Debug|Any CPU
		{00D19029-AEB1-47BC-A1DE-0DD185578A38}.Release|Any CPU.ActiveCfg = Release|Any CPU
		{00D19029-AEB1-47BC-A1DE-0DD185578A38}.Release|Any CPU.Build.0 = Release|Any CPU
		{92AC1E64-DFD1-4D1F-B420-83331DD9BC71}.Debug|Any CPU.ActiveCfg = Debug|Any CPU
		{92AC1E64-DFD1-4D1F-B420-83331DD9BC71}.Debug|Any CPU.Build.0 = Debug|Any CPU
		{92AC1E64-DFD1-4D1F-B420-83331DD9BC71}.Release|Any CPU.ActiveCfg = Release|Any CPU
		{92AC1E64-DFD1-4D1F-B420-83331DD9BC71}.Release|Any CPU.Build.0 = Release|Any CPU
		{F26BDA0B-0679-4EE1-8015-0683DAFCDF25}.Debug|Any CPU.ActiveCfg = Debug|Any CPU
		{F26BDA0B-0679-4EE1-8015-0683DAFCDF25}.Debug|Any CPU.Build.0 = Debug|Any CPU
		{F26BDA0B-0679-4EE1-8015-0683DAFCDF25}.Release|Any CPU.ActiveCfg = Release|Any CPU
		{F26BDA0B-0679-4EE1-8015-0683DAFCDF25}.Release|Any CPU.Build.0 = Release|Any CPU
		{7A20533B-9815-433E-8CBB-2513601FD241}.Debug|Any CPU.ActiveCfg = Debug|Any CPU
		{7A20533B-9815-433E-8CBB-2513601FD241}.Debug|Any CPU.Build.0 = Debug|Any CPU
		{7A20533B-9815-433E-8CBB-2513601FD241}.Release|Any CPU.ActiveCfg = Release|Any CPU
		{7A20533B-9815-433E-8CBB-2513601FD241}.Release|Any CPU.Build.0 = Release|Any CPU
		{61EFB95B-34AC-4A47-BCAE-F7023DF1C16E}.Debug|Any CPU.ActiveCfg = Debug|Any CPU
		{61EFB95B-34AC-4A47-BCAE-F7023DF1C16E}.Debug|Any CPU.Build.0 = Debug|Any CPU
		{61EFB95B-34AC-4A47-BCAE-F7023DF1C16E}.Release|Any CPU.ActiveCfg = Release|Any CPU
		{61EFB95B-34AC-4A47-BCAE-F7023DF1C16E}.Release|Any CPU.Build.0 = Release|Any CPU
		{A3F77A88-8151-4906-9C07-552B10E05E64}.Debug|Any CPU.ActiveCfg = Debug|Any CPU
		{A3F77A88-8151-4906-9C07-552B10E05E64}.Debug|Any CPU.Build.0 = Debug|Any CPU
		{A3F77A88-8151-4906-9C07-552B10E05E64}.Release|Any CPU.ActiveCfg = Release|Any CPU
		{A3F77A88-8151-4906-9C07-552B10E05E64}.Release|Any CPU.Build.0 = Release|Any CPU
		{7750D396-4BFB-4C25-AAFA-7CA7259270E9}.Debug|Any CPU.ActiveCfg = Debug|Any CPU
		{7750D396-4BFB-4C25-AAFA-7CA7259270E9}.Debug|Any CPU.Build.0 = Debug|Any CPU
		{7750D396-4BFB-4C25-AAFA-7CA7259270E9}.Release|Any CPU.ActiveCfg = Release|Any CPU
		{7750D396-4BFB-4C25-AAFA-7CA7259270E9}.Release|Any CPU.Build.0 = Release|Any CPU
		{BA10A186-A3AC-40A9-86FE-3B558595329C}.Debug|Any CPU.ActiveCfg = Debug|Any CPU
		{BA10A186-A3AC-40A9-86FE-3B558595329C}.Debug|Any CPU.Build.0 = Debug|Any CPU
		{BA10A186-A3AC-40A9-86FE-3B558595329C}.Release|Any CPU.ActiveCfg = Release|Any CPU
		{BA10A186-A3AC-40A9-86FE-3B558595329C}.Release|Any CPU.Build.0 = Release|Any CPU
		{0E4BA6F8-D9CB-452C-9FBD-476FF897A142}.Debug|Any CPU.ActiveCfg = Debug|Any CPU
		{0E4BA6F8-D9CB-452C-9FBD-476FF897A142}.Debug|Any CPU.Build.0 = Debug|Any CPU
		{0E4BA6F8-D9CB-452C-9FBD-476FF897A142}.Release|Any CPU.ActiveCfg = Release|Any CPU
		{0E4BA6F8-D9CB-452C-9FBD-476FF897A142}.Release|Any CPU.Build.0 = Release|Any CPU
		{7EC8EE75-E265-4864-A868-804897A88963}.Debug|Any CPU.ActiveCfg = Debug|Any CPU
		{7EC8EE75-E265-4864-A868-804897A88963}.Debug|Any CPU.Build.0 = Debug|Any CPU
		{7EC8EE75-E265-4864-A868-804897A88963}.Release|Any CPU.ActiveCfg = Release|Any CPU
		{7EC8EE75-E265-4864-A868-804897A88963}.Release|Any CPU.Build.0 = Release|Any CPU
		{A5CB3D6F-EC62-4E7F-BE38-5CBF4811E7D8}.Debug|Any CPU.ActiveCfg = Debug|Any CPU
		{A5CB3D6F-EC62-4E7F-BE38-5CBF4811E7D8}.Debug|Any CPU.Build.0 = Debug|Any CPU
		{A5CB3D6F-EC62-4E7F-BE38-5CBF4811E7D8}.Release|Any CPU.ActiveCfg = Release|Any CPU
		{A5CB3D6F-EC62-4E7F-BE38-5CBF4811E7D8}.Release|Any CPU.Build.0 = Release|Any CPU
	EndGlobalSection
	GlobalSection(SolutionProperties) = preSolution
		HideSolutionNode = FALSE
	EndGlobalSection
	GlobalSection(NestedProjects) = preSolution
		{733186E1-3FFF-753B-5BC8-313CA916646D} = {02EA681E-C7D8-13C7-8484-4AC65E1B71E8}
		{4E85C4A5-C126-A849-A39B-96D82B5ACFA5} = {9938565C-D966-4DB9-8D3B-6D92CACE56DF}
		{EC908145-4354-4D09-AB2E-99BCBE7E6315} = {02EA681E-C7D8-13C7-8484-4AC65E1B71E8}
		{41535C27-8E2F-4AA0-8F66-C658319FCF79} = {EF9A3793-6BA8-44B0-8ED8-182BD6D4E34A}
		{05DC2865-9DAD-4837-A61D-0254EA44AC20} = {02EA681E-C7D8-13C7-8484-4AC65E1B71E8}
		{D5D8670A-7C9E-4893-8B3E-23782A01D780} = {02EA681E-C7D8-13C7-8484-4AC65E1B71E8}
		{25A1B931-D216-44FC-958B-D8797AD39E08} = {9938565C-D966-4DB9-8D3B-6D92CACE56DF}
		{EF9B0CA0-5268-4D9A-A85C-7966829B1033} = {CC99C87C-68B7-48BD-9903-804D628BC53A}
		{82C00201-5B4D-466F-AF60-CB4729ED69D9} = {EF9B0CA0-5268-4D9A-A85C-7966829B1033}
		{F234E5B5-A761-4AE4-1E28-5ACED02935D3} = {3841D26E-9ED6-43A6-9547-9E12A7E47762}
		{79BCCBF1-6E43-A1E2-1EC9-D67E34B0CD71} = {3841D26E-9ED6-43A6-9547-9E12A7E47762}
		{D9056F24-ED62-46AD-8290-B14BC5789BBC} = {02EA681E-C7D8-13C7-8484-4AC65E1B71E8}
		{67AD506D-B6F3-4F89-8F58-5F257586BB44} = {02EA681E-C7D8-13C7-8484-4AC65E1B71E8}
		{08296D33-B048-43B9-B579-519B8F01905D} = {02EA681E-C7D8-13C7-8484-4AC65E1B71E8}
		{D2C6E5CE-2E28-401D-AB9D-42F23A2F7856} = {DC734643-A5AF-4FFF-BFCA-88CC5A09E86B}
		{B37CAA7B-EAC5-4035-8BAD-B413236154D3} = {5E20CCB9-89C8-4122-BD09-F339FB72E273}
		{3B1D35E6-0C02-4A33-8DE9-BEDD2A49C6AD} = {8C6F6DCD-085E-421B-B86B-B2FE17C95AA5}
		{E8ACF67B-4636-44E5-A83F-2F04F5FBB42F} = {02EA681E-C7D8-13C7-8484-4AC65E1B71E8}
		{1A0ED75C-5E25-4205-A0A6-F55BBB1B129B} = {CC99C87C-68B7-48BD-9903-804D628BC53A}
		{00D19029-AEB1-47BC-A1DE-0DD185578A38} = {5E20CCB9-89C8-4122-BD09-F339FB72E273}
		{92AC1E64-DFD1-4D1F-B420-83331DD9BC71} = {02EA681E-C7D8-13C7-8484-4AC65E1B71E8}
		{F26BDA0B-0679-4EE1-8015-0683DAFCDF25} = {8CB33D2D-1423-43C1-B3B4-F99193A2E9F2}
		{ADD117B0-3FA6-4A01-A1AD-D972B60D3978} = {CC99C87C-68B7-48BD-9903-804D628BC53A}
		{A1AAA596-34A2-4EB2-89E3-7969F5266E7F} = {ADD117B0-3FA6-4A01-A1AD-D972B60D3978}
		{2D5DC536-3BF0-4636-8856-2A25B06E421B} = {ADD117B0-3FA6-4A01-A1AD-D972B60D3978}
		{C41DB119-8A36-4E58-A566-4F24B948AAD9} = {CC99C87C-68B7-48BD-9903-804D628BC53A}
		{7A20533B-9815-433E-8CBB-2513601FD241} = {43880193-D268-40CB-B8F9-F93D8C634EF8}
		{61EFB95B-34AC-4A47-BCAE-F7023DF1C16E} = {43880193-D268-40CB-B8F9-F93D8C634EF8}
		{F23B9C51-047F-4FA3-A1FB-ABC56E11E661} = {CC99C87C-68B7-48BD-9903-804D628BC53A}
		{BECA65DF-EC9E-4F58-89D4-B6DFF54ADB11} = {F23B9C51-047F-4FA3-A1FB-ABC56E11E661}
		{2EAB20A6-DA00-40BD-B40D-5B1F38BB30AD} = {F23B9C51-047F-4FA3-A1FB-ABC56E11E661}
		{814BD65F-D5D4-4796-8EEB-83863F5F4CCD} = {F23B9C51-047F-4FA3-A1FB-ABC56E11E661}
		{0021FB38-8236-472E-A6EF-D2DE8C7EC0E3} = {CC99C87C-68B7-48BD-9903-804D628BC53A}
		{A3F77A88-8151-4906-9C07-552B10E05E64} = {9938565C-D966-4DB9-8D3B-6D92CACE56DF}
		{7750D396-4BFB-4C25-AAFA-7CA7259270E9} = {02EA681E-C7D8-13C7-8484-4AC65E1B71E8}
		{BA10A186-A3AC-40A9-86FE-3B558595329C} = {02EA681E-C7D8-13C7-8484-4AC65E1B71E8}
		{0E4BA6F8-D9CB-452C-9FBD-476FF897A142} = {43880193-D268-40CB-B8F9-F93D8C634EF8}
		{7EC8EE75-E265-4864-A868-804897A88963} = {43880193-D268-40CB-B8F9-F93D8C634EF8}
		{43880193-D268-40CB-B8F9-F93D8C634EF8} = {CC99C87C-68B7-48BD-9904-804D628BC54B}
		{A5CB3D6F-EC62-4E7F-BE38-5CBF4811E7D8} = {43880193-D268-40CB-B8F9-F93D8C634EF8}
		{3841D26E-9ED6-43A6-9547-9E12A7E47762} = {CC99C87C-68B7-48BD-9904-804D628BC54B}
		{8CB33D2D-1423-43C1-B3B4-F99193A2E9F2} = {CC99C87C-68B7-48BD-9904-804D628BC54B}
		{DC734643-A5AF-4FFF-BFCA-88CC5A09E86B} = {CC99C87C-68B7-48BD-9904-804D628BC54B}
		{8C6F6DCD-085E-421B-B86B-B2FE17C95AA5} = {CC99C87C-68B7-48BD-9904-804D628BC54B}
		{5E20CCB9-89C8-4122-BD09-F339FB72E273} = {CC99C87C-68B7-48BD-9904-804D628BC54B}
	EndGlobalSection
	GlobalSection(ExtensibilityGlobals) = postSolution
		SolutionGuid = {89DB2D33-B643-44C6-8CAA-0B1FB69605CA}
	EndGlobalSection
EndGlobal
