
Microsoft Visual Studio Solution File, Format Version 12.00
# Visual Studio Version 18
VisualStudioVersion = 18.7.11811.120
MinimumVisualStudioVersion = 10.0.40219.1
Project("{2150E333-8FDC-42A3-9474-1A3956D46DE8}") = "src", "src", "{02EA681E-C7D8-13C7-8484-4AC65E1B71E8}"
EndProject
Project("{FAE04EC0-301F-11D3-BF4B-00C04F79EFBC}") = "Core.Observability", "src\Core.Observability\Core.Observability.csproj", "{733186E1-3FFF-753B-5BC8-313CA916646D}"
EndProject
Project("{2150E333-8FDC-42A3-9474-1A3956D46DE8}") = "samples", "samples", "{9938565C-D966-4DB9-8D3B-6D92CACE56DF}"
EndProject
Project("{FAE04EC0-301F-11D3-BF4B-00C04F79EFBC}") = "CoreSystem.Samples.Api", "samples\CoreSystem.Samples.Api\CoreSystem.Samples.Api.csproj", "{4E85C4A5-C126-A849-A39B-96D82B5ACFA5}"
EndProject
Project("{FAE04EC0-301F-11D3-BF4B-00C04F79EFBC}") = "Core.Idempotency", "src\Core.Idempotency\Core.Idempotency.csproj", "{EC908145-4354-4D09-AB2E-99BCBE7E6315}"
EndProject
Project("{2150E333-8FDC-42A3-9474-1A3956D46DE8}") = "tests", "tests", "{CC99C87C-68B7-48BD-9904-804D628BC54B}"
EndProject
Project("{2150E333-8FDC-42A3-9474-1A3956D46DE8}") = "docs", "docs", "{CC99C87C-68B7-48BD-9903-804D628BC53A}"
	ProjectSection(SolutionItems) = preProject
		docs\idempotency-flow.mmd = docs\idempotency-flow.mmd
		docs\idempotency-flow.png = docs\idempotency-flow.png
		docs\observability-flow.mmd = docs\observability-flow.mmd
		docs\observability-flow.png = docs\observability-flow.png
	EndProjectSection
EndProject
Project("{2150E333-8FDC-42A3-9474-1A3956D46DE8}") = ".github", ".github", "{EF9A3793-6BA8-44B0-8ED8-182BD6D4E34A}"
EndProject
Project("{2150E333-8FDC-42A3-9474-1A3956D46DE8}") = "workflows", "workflows", "{41535C27-8E2F-4AA0-8F66-C658319FCF79}"
	ProjectSection(SolutionItems) = preProject
		.github\workflows\publish.yml = .github\workflows\publish.yml
	EndProjectSection
EndProject
Project("{FAE04EC0-301F-11D3-BF4B-00C04F79EFBC}") = "Core.Cache", "src\Core.Cache\Core.Cache.csproj", "{05DC2865-9DAD-4837-A61D-0254EA44AC20}"
EndProject
Project("{FAE04EC0-301F-11D3-BF4B-00C04F79EFBC}") = "Core.Observability.Abstractions", "src\Core.Observability.Abstractions\Core.Observability.Abstractions.csproj", "{D5D8670A-7C9E-4893-8B3E-23782A01D780}"
EndProject
Project("{FAE04EC0-301F-11D3-BF4B-00C04F79EFBC}") = "CoreSystem.Samples.Core", "samples\CoreSystem.Samples.Core\CoreSystem.Samples.Core.csproj", "{25A1B931-D216-44FC-958B-D8797AD39E08}"
EndProject
Project("{2150E333-8FDC-42A3-9474-1A3956D46DE8}") = "Cache", "Cache", "{EF9B0CA0-5268-4D9A-A85C-7966829B1033}"
	ProjectSection(SolutionItems) = preProject
		docs\Cache\00-README.md = docs\Cache\00-README.md
		docs\Cache\01-getting-started.md = docs\Cache\01-getting-started.md
		docs\Cache\02-Why.md = docs\Cache\02-Why.md
		docs\Cache\03-architecture-and-pipeline.md = docs\Cache\03-architecture-and-pipeline.md
		docs\Cache\04-configuration.md = docs\Cache\04-configuration.md
		docs\Cache\05-basic-usage.md = docs\Cache\05-basic-usage.md
		docs\Cache\06-http-cache.md = docs\Cache\06-http-cache.md
		docs\Cache\07-observability.md = docs\Cache\07-observability.md
		docs\Cache\08-health-checks.md = docs\Cache\08-health-checks.md
		docs\Cache\09-extensibility.md = docs\Cache\09-extensibility.md
		docs\Cache\10-Roadmap.md = docs\Cache\10-Roadmap.md
	EndProjectSection
EndProject
Project("{2150E333-8FDC-42A3-9474-1A3956D46DE8}") = "images", "images", "{82C00201-5B4D-466F-AF60-CB4729ED69D9}"
	ProjectSection(SolutionItems) = preProject
		docs\Cache\images\Architecture.mmd = docs\Cache\images\Architecture.mmd
		docs\Cache\images\Architecture.svg = docs\Cache\images\Architecture.svg
		docs\Cache\images\GetOrAddAsync Cache-Aside Pattern.mmd = docs\Cache\images\GetOrAddAsync Cache-Aside Pattern.mmd
		docs\Cache\images\GetOrAddAsync Cache-Aside Pattern.svg = docs\Cache\images\GetOrAddAsync Cache-Aside Pattern.svg
		docs\Cache\images\HTTP Cache Middleware Lifecycle.mmd = docs\Cache\images\HTTP Cache Middleware Lifecycle.mmd
		docs\Cache\images\HTTP Cache Middleware Lifecycle.svg = docs\Cache\images\HTTP Cache Middleware Lifecycle.svg
		docs\Cache\images\Resilience Flow.mmd = docs\Cache\images\Resilience Flow.mmd
		docs\Cache\images\Resilience Flow.svg = docs\Cache\images\Resilience Flow.svg
	EndProjectSection
EndProject
Project("{2150E333-8FDC-42A3-9474-1A3956D46DE8}") = "scripts", "scripts", "{DBC21C0A-969B-4484-B169-AB48D4E4DEC9}"
	ProjectSection(SolutionItems) = preProject
		scripts\build-readme.ps1 = scripts\build-readme.ps1
	EndProjectSection
EndProject
Project("{FAE04EC0-301F-11D3-BF4B-00C04F79EFBC}") = "Core.Cache.UnitTests", "tests\Core.Cache.UnitTests\Core.Cache.UnitTests.csproj", "{F234E5B5-A761-4AE4-1E28-5ACED02935D3}"
EndProject
Project("{FAE04EC0-301F-11D3-BF4B-00C04F79EFBC}") = "Core.Idempotency.Tests", "tests\Core.Idempotency.Tests\Core.Idempotency.Tests.csproj", "{7865EE1D-3D54-AD6F-DC08-F4088E32B7A6}"
EndProject
Project("{FAE04EC0-301F-11D3-BF4B-00C04F79EFBC}") = "Core.Cache.IntegrationTests", "tests\Core.Cache.IntegrationTests\Core.Cache.IntegrationTests.csproj", "{79BCCBF1-6E43-A1E2-1EC9-D67E34B0CD71}"
EndProject
Project("{FAE04EC0-301F-11D3-BF4B-00C04F79EFBC}") = "Core.Redis", "src\Core.Redis\Core.Redis.csproj", "{D9056F24-ED62-46AD-8290-B14BC5789BBC}"
EndProject
Global
	GlobalSection(SolutionConfigurationPlatforms) = preSolution
		Debug|Any CPU = Debug|Any CPU
		Release|Any CPU = Release|Any CPU
	EndGlobalSection
	GlobalSection(ProjectConfigurationPlatforms) = postSolution
		{733186E1-3FFF-753B-5BC8-313CA916646D}.Debug|Any CPU.ActiveCfg = Debug|Any CPU
		{733186E1-3FFF-753B-5BC8-313CA916646D}.Debug|Any CPU.Build.0 = Debug|Any CPU
		{733186E1-3FFF-753B-5BC8-313CA916646D}.Release|Any CPU.ActiveCfg = Release|Any CPU
		{733186E1-3FFF-753B-5BC8-313CA916646D}.Release|Any CPU.Build.0 = Release|Any CPU
		{4E85C4A5-C126-A849-A39B-96D82B5ACFA5}.Debug|Any CPU.ActiveCfg = Debug|Any CPU
		{4E85C4A5-C126-A849-A39B-96D82B5ACFA5}.Debug|Any CPU.Build.0 = Debug|Any CPU
		{4E85C4A5-C126-A849-A39B-96D82B5ACFA5}.Release|Any CPU.ActiveCfg = Release|Any CPU
		{4E85C4A5-C126-A849-A39B-96D82B5ACFA5}.Release|Any CPU.Build.0 = Release|Any CPU
		{EC908145-4354-4D09-AB2E-99BCBE7E6315}.Debug|Any CPU.ActiveCfg = Debug|Any CPU
		{EC908145-4354-4D09-AB2E-99BCBE7E6315}.Debug|Any CPU.Build.0 = Debug|Any CPU
		{EC908145-4354-4D09-AB2E-99BCBE7E6315}.Release|Any CPU.ActiveCfg = Release|Any CPU
		{EC908145-4354-4D09-AB2E-99BCBE7E6315}.Release|Any CPU.Build.0 = Release|Any CPU
		{05DC2865-9DAD-4837-A61D-0254EA44AC20}.Debug|Any CPU.ActiveCfg = Debug|Any CPU
		{05DC2865-9DAD-4837-A61D-0254EA44AC20}.Debug|Any CPU.Build.0 = Debug|Any CPU
		{05DC2865-9DAD-4837-A61D-0254EA44AC20}.Release|Any CPU.ActiveCfg = Release|Any CPU
		{05DC2865-9DAD-4837-A61D-0254EA44AC20}.Release|Any CPU.Build.0 = Release|Any CPU
		{D5D8670A-7C9E-4893-8B3E-23782A01D780}.Debug|Any CPU.ActiveCfg = Debug|Any CPU
		{D5D8670A-7C9E-4893-8B3E-23782A01D780}.Debug|Any CPU.Build.0 = Debug|Any CPU
		{D5D8670A-7C9E-4893-8B3E-23782A01D780}.Release|Any CPU.ActiveCfg = Release|Any CPU
		{D5D8670A-7C9E-4893-8B3E-23782A01D780}.Release|Any CPU.Build.0 = Release|Any CPU
		{25A1B931-D216-44FC-958B-D8797AD39E08}.Debug|Any CPU.ActiveCfg = Debug|Any CPU
		{25A1B931-D216-44FC-958B-D8797AD39E08}.Debug|Any CPU.Build.0 = Debug|Any CPU
		{25A1B931-D216-44FC-958B-D8797AD39E08}.Release|Any CPU.ActiveCfg = Release|Any CPU
		{25A1B931-D216-44FC-958B-D8797AD39E08}.Release|Any CPU.Build.0 = Release|Any CPU
		{F234E5B5-A761-4AE4-1E28-5ACED02935D3}.Debug|Any CPU.ActiveCfg = Debug|Any CPU
		{F234E5B5-A761-4AE4-1E28-5ACED02935D3}.Debug|Any CPU.Build.0 = Debug|Any CPU
		{F234E5B5-A761-4AE4-1E28-5ACED02935D3}.Release|Any CPU.ActiveCfg = Release|Any CPU
		{F234E5B5-A761-4AE4-1E28-5ACED02935D3}.Release|Any CPU.Build.0 = Release|Any CPU
		{7865EE1D-3D54-AD6F-DC08-F4088E32B7A6}.Debug|Any CPU.ActiveCfg = Debug|Any CPU
		{7865EE1D-3D54-AD6F-DC08-F4088E32B7A6}.Debug|Any CPU.Build.0 = Debug|Any CPU
		{7865EE1D-3D54-AD6F-DC08-F4088E32B7A6}.Release|Any CPU.ActiveCfg = Release|Any CPU
		{7865EE1D-3D54-AD6F-DC08-F4088E32B7A6}.Release|Any CPU.Build.0 = Release|Any CPU
		{79BCCBF1-6E43-A1E2-1EC9-D67E34B0CD71}.Debug|Any CPU.ActiveCfg = Debug|Any CPU
		{79BCCBF1-6E43-A1E2-1EC9-D67E34B0CD71}.Debug|Any CPU.Build.0 = Debug|Any CPU
		{79BCCBF1-6E43-A1E2-1EC9-D67E34B0CD71}.Release|Any CPU.ActiveCfg = Release|Any CPU
		{79BCCBF1-6E43-A1E2-1EC9-D67E34B0CD71}.Release|Any CPU.Build.0 = Release|Any CPU
		{D9056F24-ED62-46AD-8290-B14BC5789BBC}.Debug|Any CPU.ActiveCfg = Debug|Any CPU
		{D9056F24-ED62-46AD-8290-B14BC5789BBC}.Debug|Any CPU.Build.0 = Debug|Any CPU
		{D9056F24-ED62-46AD-8290-B14BC5789BBC}.Release|Any CPU.ActiveCfg = Release|Any CPU
		{D9056F24-ED62-46AD-8290-B14BC5789BBC}.Release|Any CPU.Build.0 = Release|Any CPU
	EndGlobalSection
	GlobalSection(SolutionProperties) = preSolution
		HideSolutionNode = FALSE
	EndGlobalSection
	GlobalSection(NestedProjects) = preSolution
		{733186E1-3FFF-753B-5BC8-313CA916646D} = {02EA681E-C7D8-13C7-8484-4AC65E1B71E8}
		{4E85C4A5-C126-A849-A39B-96D82B5ACFA5} = {9938565C-D966-4DB9-8D3B-6D92CACE56DF}
		{EC908145-4354-4D09-AB2E-99BCBE7E6315} = {02EA681E-C7D8-13C7-8484-4AC65E1B71E8}
		{41535C27-8E2F-4AA0-8F66-C658319FCF79} = {EF9A3793-6BA8-44B0-8ED8-182BD6D4E34A}
		{05DC2865-9DAD-4837-A61D-0254EA44AC20} = {02EA681E-C7D8-13C7-8484-4AC65E1B71E8}
		{D5D8670A-7C9E-4893-8B3E-23782A01D780} = {02EA681E-C7D8-13C7-8484-4AC65E1B71E8}
		{25A1B931-D216-44FC-958B-D8797AD39E08} = {9938565C-D966-4DB9-8D3B-6D92CACE56DF}
		{EF9B0CA0-5268-4D9A-A85C-7966829B1033} = {CC99C87C-68B7-48BD-9903-804D628BC53A}
		{82C00201-5B4D-466F-AF60-CB4729ED69D9} = {EF9B0CA0-5268-4D9A-A85C-7966829B1033}
		{F234E5B5-A761-4AE4-1E28-5ACED02935D3} = {CC99C87C-68B7-48BD-9904-804D628BC54B}
		{7865EE1D-3D54-AD6F-DC08-F4088E32B7A6} = {CC99C87C-68B7-48BD-9904-804D628BC54B}
		{79BCCBF1-6E43-A1E2-1EC9-D67E34B0CD71} = {CC99C87C-68B7-48BD-9904-804D628BC54B}
		{D9056F24-ED62-46AD-8290-B14BC5789BBC} = {02EA681E-C7D8-13C7-8484-4AC65E1B71E8}
	EndGlobalSection
	GlobalSection(ExtensibilityGlobals) = postSolution
		SolutionGuid = {89DB2D33-B643-44C6-8CAA-0B1FB69605CA}
	EndGlobalSection
EndGlobal
